
Microsoft Visual Studio Solution File, Format Version 12.00
# Visual Studio Version 16
VisualStudioVersion = 16.0.29326.143
MinimumVisualStudioVersion = 10.0.40219.1
Project("{D954291E-2A0B-460D-934E-DC6B0785DB48}") = "UnoWasmTest.Shared", "UnoWasmTest\UnoWasmTest.Shared\UnoWasmTest.Shared.shproj", "{6279C845-92F8-4333-AB99-3D213163593C}"
EndProject
Project("{FAE04EC0-301F-11D3-BF4B-00C04F79EFBC}") = "UnoWasmTest.Droid", "UnoWasmTest\UnoWasmTest.Droid\UnoWasmTest.Droid.csproj", "{4C653629-988E-4230-B46F-CA44DD346595}"
EndProject
Project("{FAE04EC0-301F-11D3-BF4B-00C04F79EFBC}") = "UnoWasmTest.iOS", "UnoWasmTest\UnoWasmTest.iOS\UnoWasmTest.iOS.csproj", "{259CA38F-9000-47B5-BC71-231038546919}"
EndProject
Project("{FAE04EC0-301F-11D3-BF4B-00C04F79EFBC}") = "UnoWasmTest.UWP", "UnoWasmTest\UnoWasmTest.UWP\UnoWasmTest.UWP.csproj", "{20F85AD0-A196-43FB-BFF3-BA9433384787}"
EndProject
Project("{9A19103F-16F7-4668-BE54-9A1E7A4F7556}") = "UnoWasmTest.Wasm", "UnoWasmTest\UnoWasmTest.Wasm\UnoWasmTest.Wasm.csproj", "{EAD7F3D4-98CE-4A6C-9FC3-43F2F528D514}"
EndProject
Global
	GlobalSection(SharedMSBuildProjectFiles) = preSolution
		UnoWasmTest\UnoWasmTest.Shared\UnoWasmTest.Shared.projitems*{20f85ad0-a196-43fb-bff3-ba9433384787}*SharedItemsImports = 4
		UnoWasmTest\UnoWasmTest.Shared\UnoWasmTest.Shared.projitems*{259ca38f-9000-47b5-bc71-231038546919}*SharedItemsImports = 4
		UnoWasmTest\UnoWasmTest.Shared\UnoWasmTest.Shared.projitems*{4c653629-988e-4230-b46f-ca44dd346595}*SharedItemsImports = 4
		UnoWasmTest\UnoWasmTest.Shared\UnoWasmTest.Shared.projitems*{6279c845-92f8-4333-ab99-3d213163593c}*SharedItemsImports = 13
	EndGlobalSection
	GlobalSection(SolutionConfigurationPlatforms) = preSolution
		Ad-Hoc|Any CPU = Ad-Hoc|Any CPU
		Ad-Hoc|ARM = Ad-Hoc|ARM
		Ad-Hoc|iPhone = Ad-Hoc|iPhone
		Ad-Hoc|iPhoneSimulator = Ad-Hoc|iPhoneSimulator
		Ad-Hoc|x64 = Ad-Hoc|x64
		Ad-Hoc|x86 = Ad-Hoc|x86
		AppStore|Any CPU = AppStore|Any CPU
		AppStore|ARM = AppStore|ARM
		AppStore|iPhone = AppStore|iPhone
		AppStore|iPhoneSimulator = AppStore|iPhoneSimulator
		AppStore|x64 = AppStore|x64
		AppStore|x86 = AppStore|x86
		Debug|Any CPU = Debug|Any CPU
		Debug|ARM = Debug|ARM
		Debug|iPhone = Debug|iPhone
		Debug|iPhoneSimulator = Debug|iPhoneSimulator
		Debug|x64 = Debug|x64
		Debug|x86 = Debug|x86
		Release|Any CPU = Release|Any CPU
		Release|ARM = Release|ARM
		Release|iPhone = Release|iPhone
		Release|iPhoneSimulator = Release|iPhoneSimulator
		Release|x64 = Release|x64
		Release|x86 = Release|x86
	EndGlobalSection
	GlobalSection(ProjectConfigurationPlatforms) = postSolution
		{4C653629-988E-4230-B46F-CA44DD346595}.Ad-Hoc|Any CPU.ActiveCfg = Release|Any CPU
		{4C653629-988E-4230-B46F-CA44DD346595}.Ad-Hoc|Any CPU.Build.0 = Release|Any CPU
		{4C653629-988E-4230-B46F-CA44DD346595}.Ad-Hoc|Any CPU.Deploy.0 = Release|Any CPU
		{4C653629-988E-4230-B46F-CA44DD346595}.Ad-Hoc|ARM.ActiveCfg = Release|Any CPU
		{4C653629-988E-4230-B46F-CA44DD346595}.Ad-Hoc|ARM.Build.0 = Release|Any CPU
		{4C653629-988E-4230-B46F-CA44DD346595}.Ad-Hoc|ARM.Deploy.0 = Release|Any CPU
		{4C653629-988E-4230-B46F-CA44DD346595}.Ad-Hoc|iPhone.ActiveCfg = Release|Any CPU
		{4C653629-988E-4230-B46F-CA44DD346595}.Ad-Hoc|iPhone.Build.0 = Release|Any CPU
		{4C653629-988E-4230-B46F-CA44DD346595}.Ad-Hoc|iPhone.Deploy.0 = Release|Any CPU
		{4C653629-988E-4230-B46F-CA44DD346595}.Ad-Hoc|iPhoneSimulator.ActiveCfg = Release|Any CPU
		{4C653629-988E-4230-B46F-CA44DD346595}.Ad-Hoc|iPhoneSimulator.Build.0 = Release|Any CPU
		{4C653629-988E-4230-B46F-CA44DD346595}.Ad-Hoc|iPhoneSimulator.Deploy.0 = Release|Any CPU
		{4C653629-988E-4230-B46F-CA44DD346595}.Ad-Hoc|x64.ActiveCfg = Release|Any CPU
		{4C653629-988E-4230-B46F-CA44DD346595}.Ad-Hoc|x64.Build.0 = Release|Any CPU
		{4C653629-988E-4230-B46F-CA44DD346595}.Ad-Hoc|x64.Deploy.0 = Release|Any CPU
		{4C653629-988E-4230-B46F-CA44DD346595}.Ad-Hoc|x86.ActiveCfg = Release|Any CPU
		{4C653629-988E-4230-B46F-CA44DD346595}.Ad-Hoc|x86.Build.0 = Release|Any CPU
		{4C653629-988E-4230-B46F-CA44DD346595}.Ad-Hoc|x86.Deploy.0 = Release|Any CPU
		{4C653629-988E-4230-B46F-CA44DD346595}.AppStore|Any CPU.ActiveCfg = Release|Any CPU
		{4C653629-988E-4230-B46F-CA44DD346595}.AppStore|Any CPU.Build.0 = Release|Any CPU
		{4C653629-988E-4230-B46F-CA44DD346595}.AppStore|Any CPU.Deploy.0 = Release|Any CPU
		{4C653629-988E-4230-B46F-CA44DD346595}.AppStore|ARM.ActiveCfg = Release|Any CPU
		{4C653629-988E-4230-B46F-CA44DD346595}.AppStore|ARM.Build.0 = Release|Any CPU
		{4C653629-988E-4230-B46F-CA44DD346595}.AppStore|ARM.Deploy.0 = Release|Any CPU
		{4C653629-988E-4230-B46F-CA44DD346595}.AppStore|iPhone.ActiveCfg = Release|Any CPU
		{4C653629-988E-4230-B46F-CA44DD346595}.AppStore|iPhone.Build.0 = Release|Any CPU
		{4C653629-988E-4230-B46F-CA44DD346595}.AppStore|iPhone.Deploy.0 = Release|Any CPU
		{4C653629-988E-4230-B46F-CA44DD346595}.AppStore|iPhoneSimulator.ActiveCfg = Release|Any CPU
		{4C653629-988E-4230-B46F-CA44DD346595}.AppStore|iPhoneSimulator.Build.0 = Release|Any CPU
		{4C653629-988E-4230-B46F-CA44DD346595}.AppStore|iPhoneSimulator.Deploy.0 = Release|Any CPU
		{4C653629-988E-4230-B46F-CA44DD346595}.AppStore|x64.ActiveCfg = Release|Any CPU
		{4C653629-988E-4230-B46F-CA44DD346595}.AppStore|x64.Build.0 = Release|Any CPU
		{4C653629-988E-4230-B46F-CA44DD346595}.AppStore|x64.Deploy.0 = Release|Any CPU
		{4C653629-988E-4230-B46F-CA44DD346595}.AppStore|x86.ActiveCfg = Release|Any CPU
		{4C653629-988E-4230-B46F-CA44DD346595}.AppStore|x86.Build.0 = Release|Any CPU
		{4C653629-988E-4230-B46F-CA44DD346595}.AppStore|x86.Deploy.0 = Release|Any CPU
		{4C653629-988E-4230-B46F-CA44DD346595}.Debug|Any CPU.ActiveCfg = Debug|Any CPU
		{4C653629-988E-4230-B46F-CA44DD346595}.Debug|Any CPU.Build.0 = Debug|Any CPU
		{4C653629-988E-4230-B46F-CA44DD346595}.Debug|Any CPU.Deploy.0 = Debug|Any CPU
		{4C653629-988E-4230-B46F-CA44DD346595}.Debug|ARM.ActiveCfg = Debug|Any CPU
		{4C653629-988E-4230-B46F-CA44DD346595}.Debug|ARM.Build.0 = Debug|Any CPU
		{4C653629-988E-4230-B46F-CA44DD346595}.Debug|ARM.Deploy.0 = Debug|Any CPU
		{4C653629-988E-4230-B46F-CA44DD346595}.Debug|iPhone.ActiveCfg = Debug|Any CPU
		{4C653629-988E-4230-B46F-CA44DD346595}.Debug|iPhone.Build.0 = Debug|Any CPU
		{4C653629-988E-4230-B46F-CA44DD346595}.Debug|iPhone.Deploy.0 = Debug|Any CPU
		{4C653629-988E-4230-B46F-CA44DD346595}.Debug|iPhoneSimulator.ActiveCfg = Debug|Any CPU
		{4C653629-988E-4230-B46F-CA44DD346595}.Debug|iPhoneSimulator.Build.0 = Debug|Any CPU
		{4C653629-988E-4230-B46F-CA44DD346595}.Debug|iPhoneSimulator.Deploy.0 = Debug|Any CPU
		{4C653629-988E-4230-B46F-CA44DD346595}.Debug|x64.ActiveCfg = Debug|Any CPU
		{4C653629-988E-4230-B46F-CA44DD346595}.Debug|x64.Build.0 = Debug|Any CPU
		{4C653629-988E-4230-B46F-CA44DD346595}.Debug|x64.Deploy.0 = Debug|Any CPU
		{4C653629-988E-4230-B46F-CA44DD346595}.Debug|x86.ActiveCfg = Debug|Any CPU
		{4C653629-988E-4230-B46F-CA44DD346595}.Debug|x86.Build.0 = Debug|Any CPU
		{4C653629-988E-4230-B46F-CA44DD346595}.Debug|x86.Deploy.0 = Debug|Any CPU
		{4C653629-988E-4230-B46F-CA44DD346595}.Release|Any CPU.ActiveCfg = Release|Any CPU
		{4C653629-988E-4230-B46F-CA44DD346595}.Release|Any CPU.Build.0 = Release|Any CPU
		{4C653629-988E-4230-B46F-CA44DD346595}.Release|Any CPU.Deploy.0 = Release|Any CPU
		{4C653629-988E-4230-B46F-CA44DD346595}.Release|ARM.ActiveCfg = Release|Any CPU
		{4C653629-988E-4230-B46F-CA44DD346595}.Release|ARM.Build.0 = Release|Any CPU
		{4C653629-988E-4230-B46F-CA44DD346595}.Release|ARM.Deploy.0 = Release|Any CPU
		{4C653629-988E-4230-B46F-CA44DD346595}.Release|iPhone.ActiveCfg = Release|Any CPU
		{4C653629-988E-4230-B46F-CA44DD346595}.Release|iPhone.Build.0 = Release|Any CPU
		{4C653629-988E-4230-B46F-CA44DD346595}.Release|iPhone.Deploy.0 = Release|Any CPU
		{4C653629-988E-4230-B46F-CA44DD346595}.Release|iPhoneSimulator.ActiveCfg = Release|Any CPU
		{4C653629-988E-4230-B46F-CA44DD346595}.Release|iPhoneSimulator.Build.0 = Release|Any CPU
		{4C653629-988E-4230-B46F-CA44DD346595}.Release|iPhoneSimulator.Deploy.0 = Release|Any CPU
		{4C653629-988E-4230-B46F-CA44DD346595}.Release|x64.ActiveCfg = Release|Any CPU
		{4C653629-988E-4230-B46F-CA44DD346595}.Release|x64.Build.0 = Release|Any CPU
		{4C653629-988E-4230-B46F-CA44DD346595}.Release|x64.Deploy.0 = Release|Any CPU
		{4C653629-988E-4230-B46F-CA44DD346595}.Release|x86.ActiveCfg = Release|Any CPU
		{4C653629-988E-4230-B46F-CA44DD346595}.Release|x86.Build.0 = Release|Any CPU
		{4C653629-988E-4230-B46F-CA44DD346595}.Release|x86.Deploy.0 = Release|Any CPU
		{259CA38F-9000-47B5-BC71-231038546919}.Ad-Hoc|Any CPU.ActiveCfg = Ad-Hoc|iPhone
		{259CA38F-9000-47B5-BC71-231038546919}.Ad-Hoc|ARM.ActiveCfg = Ad-Hoc|iPhone
		{259CA38F-9000-47B5-BC71-231038546919}.Ad-Hoc|iPhone.ActiveCfg = Ad-Hoc|iPhone
		{259CA38F-9000-47B5-BC71-231038546919}.Ad-Hoc|iPhone.Build.0 = Ad-Hoc|iPhone
		{259CA38F-9000-47B5-BC71-231038546919}.Ad-Hoc|iPhoneSimulator.ActiveCfg = Ad-Hoc|iPhoneSimulator
		{259CA38F-9000-47B5-BC71-231038546919}.Ad-Hoc|iPhoneSimulator.Build.0 = Ad-Hoc|iPhoneSimulator
		{259CA38F-9000-47B5-BC71-231038546919}.Ad-Hoc|x64.ActiveCfg = Ad-Hoc|iPhone
		{259CA38F-9000-47B5-BC71-231038546919}.Ad-Hoc|x86.ActiveCfg = Ad-Hoc|iPhone
		{259CA38F-9000-47B5-BC71-231038546919}.AppStore|Any CPU.ActiveCfg = AppStore|iPhone
		{259CA38F-9000-47B5-BC71-231038546919}.AppStore|ARM.ActiveCfg = AppStore|iPhone
		{259CA38F-9000-47B5-BC71-231038546919}.AppStore|iPhone.ActiveCfg = AppStore|iPhone
		{259CA38F-9000-47B5-BC71-231038546919}.AppStore|iPhone.Build.0 = AppStore|iPhone
		{259CA38F-9000-47B5-BC71-231038546919}.AppStore|iPhoneSimulator.ActiveCfg = AppStore|iPhoneSimulator
		{259CA38F-9000-47B5-BC71-231038546919}.AppStore|iPhoneSimulator.Build.0 = AppStore|iPhoneSimulator
		{259CA38F-9000-47B5-BC71-231038546919}.AppStore|x64.ActiveCfg = AppStore|iPhone
		{259CA38F-9000-47B5-BC71-231038546919}.AppStore|x86.ActiveCfg = AppStore|iPhone
		{259CA38F-9000-47B5-BC71-231038546919}.Debug|Any CPU.ActiveCfg = Debug|iPhone
		{259CA38F-9000-47B5-BC71-231038546919}.Debug|ARM.ActiveCfg = Debug|iPhone
		{259CA38F-9000-47B5-BC71-231038546919}.Debug|iPhone.ActiveCfg = Debug|iPhone
		{259CA38F-9000-47B5-BC71-231038546919}.Debug|iPhone.Build.0 = Debug|iPhone
		{259CA38F-9000-47B5-BC71-231038546919}.Debug|iPhoneSimulator.ActiveCfg = Debug|iPhoneSimulator
		{259CA38F-9000-47B5-BC71-231038546919}.Debug|iPhoneSimulator.Build.0 = Debug|iPhoneSimulator
		{259CA38F-9000-47B5-BC71-231038546919}.Debug|x64.ActiveCfg = Debug|iPhone
		{259CA38F-9000-47B5-BC71-231038546919}.Debug|x86.ActiveCfg = Debug|iPhone
		{259CA38F-9000-47B5-BC71-231038546919}.Release|Any CPU.ActiveCfg = Release|iPhone
		{259CA38F-9000-47B5-BC71-231038546919}.Release|ARM.ActiveCfg = Release|iPhone
		{259CA38F-9000-47B5-BC71-231038546919}.Release|iPhone.ActiveCfg = Release|iPhone
		{259CA38F-9000-47B5-BC71-231038546919}.Release|iPhone.Build.0 = Release|iPhone
		{259CA38F-9000-47B5-BC71-231038546919}.Release|iPhoneSimulator.ActiveCfg = Release|iPhoneSimulator
		{259CA38F-9000-47B5-BC71-231038546919}.Release|iPhoneSimulator.Build.0 = Release|iPhoneSimulator
		{259CA38F-9000-47B5-BC71-231038546919}.Release|x64.ActiveCfg = Release|iPhone
		{259CA38F-9000-47B5-BC71-231038546919}.Release|x86.ActiveCfg = Release|iPhone
		{20F85AD0-A196-43FB-BFF3-BA9433384787}.Ad-Hoc|Any CPU.ActiveCfg = Release|x64
		{20F85AD0-A196-43FB-BFF3-BA9433384787}.Ad-Hoc|Any CPU.Build.0 = Release|x64
		{20F85AD0-A196-43FB-BFF3-BA9433384787}.Ad-Hoc|Any CPU.Deploy.0 = Release|x64
		{20F85AD0-A196-43FB-BFF3-BA9433384787}.Ad-Hoc|ARM.ActiveCfg = Release|ARM
		{20F85AD0-A196-43FB-BFF3-BA9433384787}.Ad-Hoc|ARM.Build.0 = Release|ARM
		{20F85AD0-A196-43FB-BFF3-BA9433384787}.Ad-Hoc|ARM.Deploy.0 = Release|ARM
		{20F85AD0-A196-43FB-BFF3-BA9433384787}.Ad-Hoc|iPhone.ActiveCfg = Release|x64
		{20F85AD0-A196-43FB-BFF3-BA9433384787}.Ad-Hoc|iPhone.Build.0 = Release|x64
		{20F85AD0-A196-43FB-BFF3-BA9433384787}.Ad-Hoc|iPhone.Deploy.0 = Release|x64
		{20F85AD0-A196-43FB-BFF3-BA9433384787}.Ad-Hoc|iPhoneSimulator.ActiveCfg = Release|x64
		{20F85AD0-A196-43FB-BFF3-BA9433384787}.Ad-Hoc|iPhoneSimulator.Build.0 = Release|x64
		{20F85AD0-A196-43FB-BFF3-BA9433384787}.Ad-Hoc|iPhoneSimulator.Deploy.0 = Release|x64
		{20F85AD0-A196-43FB-BFF3-BA9433384787}.Ad-Hoc|x64.ActiveCfg = Release|x64
		{20F85AD0-A196-43FB-BFF3-BA9433384787}.Ad-Hoc|x64.Build.0 = Release|x64
		{20F85AD0-A196-43FB-BFF3-BA9433384787}.Ad-Hoc|x64.Deploy.0 = Release|x64
		{20F85AD0-A196-43FB-BFF3-BA9433384787}.Ad-Hoc|x86.ActiveCfg = Release|x86
		{20F85AD0-A196-43FB-BFF3-BA9433384787}.Ad-Hoc|x86.Build.0 = Release|x86
		{20F85AD0-A196-43FB-BFF3-BA9433384787}.Ad-Hoc|x86.Deploy.0 = Release|x86
		{20F85AD0-A196-43FB-BFF3-BA9433384787}.AppStore|Any CPU.ActiveCfg = Release|x64
		{20F85AD0-A196-43FB-BFF3-BA9433384787}.AppStore|Any CPU.Build.0 = Release|x64
		{20F85AD0-A196-43FB-BFF3-BA9433384787}.AppStore|Any CPU.Deploy.0 = Release|x64
		{20F85AD0-A196-43FB-BFF3-BA9433384787}.AppStore|ARM.ActiveCfg = Release|ARM
		{20F85AD0-A196-43FB-BFF3-BA9433384787}.AppStore|ARM.Build.0 = Release|ARM
		{20F85AD0-A196-43FB-BFF3-BA9433384787}.AppStore|ARM.Deploy.0 = Release|ARM
		{20F85AD0-A196-43FB-BFF3-BA9433384787}.AppStore|iPhone.ActiveCfg = Release|x64
		{20F85AD0-A196-43FB-BFF3-BA9433384787}.AppStore|iPhone.Build.0 = Release|x64
		{20F85AD0-A196-43FB-BFF3-BA9433384787}.AppStore|iPhone.Deploy.0 = Release|x64
		{20F85AD0-A196-43FB-BFF3-BA9433384787}.AppStore|iPhoneSimulator.ActiveCfg = Release|x64
		{20F85AD0-A196-43FB-BFF3-BA9433384787}.AppStore|iPhoneSimulator.Build.0 = Release|x64
		{20F85AD0-A196-43FB-BFF3-BA9433384787}.AppStore|iPhoneSimulator.Deploy.0 = Release|x64
		{20F85AD0-A196-43FB-BFF3-BA9433384787}.AppStore|x64.ActiveCfg = Release|x64
		{20F85AD0-A196-43FB-BFF3-BA9433384787}.AppStore|x64.Build.0 = Release|x64
		{20F85AD0-A196-43FB-BFF3-BA9433384787}.AppStore|x64.Deploy.0 = Release|x64
		{20F85AD0-A196-43FB-BFF3-BA9433384787}.AppStore|x86.ActiveCfg = Release|x86
		{20F85AD0-A196-43FB-BFF3-BA9433384787}.AppStore|x86.Build.0 = Release|x86
		{20F85AD0-A196-43FB-BFF3-BA9433384787}.AppStore|x86.Deploy.0 = Release|x86
		{20F85AD0-A196-43FB-BFF3-BA9433384787}.Debug|Any CPU.ActiveCfg = Debug|x86
		{20F85AD0-A196-43FB-BFF3-BA9433384787}.Debug|ARM.ActiveCfg = Debug|ARM
		{20F85AD0-A196-43FB-BFF3-BA9433384787}.Debug|ARM.Build.0 = Debug|ARM
		{20F85AD0-A196-43FB-BFF3-BA9433384787}.Debug|ARM.Deploy.0 = Debug|ARM
		{20F85AD0-A196-43FB-BFF3-BA9433384787}.Debug|iPhone.ActiveCfg = Debug|x86
		{20F85AD0-A196-43FB-BFF3-BA9433384787}.Debug|iPhoneSimulator.ActiveCfg = Debug|x86
		{20F85AD0-A196-43FB-BFF3-BA9433384787}.Debug|x64.ActiveCfg = Debug|x64
		{20F85AD0-A196-43FB-BFF3-BA9433384787}.Debug|x64.Build.0 = Debug|x64
		{20F85AD0-A196-43FB-BFF3-BA9433384787}.Debug|x64.Deploy.0 = Debug|x64
		{20F85AD0-A196-43FB-BFF3-BA9433384787}.Debug|x86.ActiveCfg = Debug|x86
		{20F85AD0-A196-43FB-BFF3-BA9433384787}.Debug|x86.Build.0 = Debug|x86
		{20F85AD0-A196-43FB-BFF3-BA9433384787}.Debug|x86.Deploy.0 = Debug|x86
		{20F85AD0-A196-43FB-BFF3-BA9433384787}.Release|Any CPU.ActiveCfg = Release|x86
		{20F85AD0-A196-43FB-BFF3-BA9433384787}.Release|ARM.ActiveCfg = Release|ARM
		{20F85AD0-A196-43FB-BFF3-BA9433384787}.Release|ARM.Build.0 = Release|ARM
		{20F85AD0-A196-43FB-BFF3-BA9433384787}.Release|ARM.Deploy.0 = Release|ARM
		{20F85AD0-A196-43FB-BFF3-BA9433384787}.Release|iPhone.ActiveCfg = Release|x86
		{20F85AD0-A196-43FB-BFF3-BA9433384787}.Release|iPhoneSimulator.ActiveCfg = Release|x86
		{20F85AD0-A196-43FB-BFF3-BA9433384787}.Release|x64.ActiveCfg = Release|x64
		{20F85AD0-A196-43FB-BFF3-BA9433384787}.Release|x64.Build.0 = Release|x64
		{20F85AD0-A196-43FB-BFF3-BA9433384787}.Release|x64.Deploy.0 = Release|x64
		{20F85AD0-A196-43FB-BFF3-BA9433384787}.Release|x86.ActiveCfg = Release|x86
		{20F85AD0-A196-43FB-BFF3-BA9433384787}.Release|x86.Build.0 = Release|x86
		{20F85AD0-A196-43FB-BFF3-BA9433384787}.Release|x86.Deploy.0 = Release|x86
		{EAD7F3D4-98CE-4A6C-9FC3-43F2F528D514}.Ad-Hoc|Any CPU.ActiveCfg = Debug|Any CPU
		{EAD7F3D4-98CE-4A6C-9FC3-43F2F528D514}.Ad-Hoc|Any CPU.Build.0 = Debug|Any CPU
		{EAD7F3D4-98CE-4A6C-9FC3-43F2F528D514}.Ad-Hoc|ARM.ActiveCfg = Debug|Any CPU
		{EAD7F3D4-98CE-4A6C-9FC3-43F2F528D514}.Ad-Hoc|ARM.Build.0 = Debug|Any CPU
		{EAD7F3D4-98CE-4A6C-9FC3-43F2F528D514}.Ad-Hoc|iPhone.ActiveCfg = Debug|Any CPU
		{EAD7F3D4-98CE-4A6C-9FC3-43F2F528D514}.Ad-Hoc|iPhone.Build.0 = Debug|Any CPU
		{EAD7F3D4-98CE-4A6C-9FC3-43F2F528D514}.Ad-Hoc|iPhoneSimulator.ActiveCfg = Debug|Any CPU
		{EAD7F3D4-98CE-4A6C-9FC3-43F2F528D514}.Ad-Hoc|iPhoneSimulator.Build.0 = Debug|Any CPU
		{EAD7F3D4-98CE-4A6C-9FC3-43F2F528D514}.Ad-Hoc|x64.ActiveCfg = Debug|Any CPU
		{EAD7F3D4-98CE-4A6C-9FC3-43F2F528D514}.Ad-Hoc|x64.Build.0 = Debug|Any CPU
		{EAD7F3D4-98CE-4A6C-9FC3-43F2F528D514}.Ad-Hoc|x86.ActiveCfg = Debug|Any CPU
		{EAD7F3D4-98CE-4A6C-9FC3-43F2F528D514}.Ad-Hoc|x86.Build.0 = Debug|Any CPU
		{EAD7F3D4-98CE-4A6C-9FC3-43F2F528D514}.AppStore|Any CPU.ActiveCfg = Debug|Any CPU
		{EAD7F3D4-98CE-4A6C-9FC3-43F2F528D514}.AppStore|Any CPU.Build.0 = Debug|Any CPU
		{EAD7F3D4-98CE-4A6C-9FC3-43F2F528D514}.AppStore|ARM.ActiveCfg = Debug|Any CPU
		{EAD7F3D4-98CE-4A6C-9FC3-43F2F528D514}.AppStore|ARM.Build.0 = Debug|Any CPU
		{EAD7F3D4-98CE-4A6C-9FC3-43F2F528D514}.AppStore|iPhone.ActiveCfg = Debug|Any CPU
		{EAD7F3D4-98CE-4A6C-9FC3-43F2F528D514}.AppStore|iPhone.Build.0 = Debug|Any CPU
		{EAD7F3D4-98CE-4A6C-9FC3-43F2F528D514}.AppStore|iPhoneSimulator.ActiveCfg = Debug|Any CPU
		{EAD7F3D4-98CE-4A6C-9FC3-43F2F528D514}.AppStore|iPhoneSimulator.Build.0 = Debug|Any CPU
		{EAD7F3D4-98CE-4A6C-9FC3-43F2F528D514}.AppStore|x64.ActiveCfg = Debug|Any CPU
		{EAD7F3D4-98CE-4A6C-9FC3-43F2F528D514}.AppStore|x64.Build.0 = Debug|Any CPU
		{EAD7F3D4-98CE-4A6C-9FC3-43F2F528D514}.AppStore|x86.ActiveCfg = Debug|Any CPU
		{EAD7F3D4-98CE-4A6C-9FC3-43F2F528D514}.AppStore|x86.Build.0 = Debug|Any CPU
		{EAD7F3D4-98CE-4A6C-9FC3-43F2F528D514}.Debug|Any CPU.ActiveCfg = Debug|Any CPU
		{EAD7F3D4-98CE-4A6C-9FC3-43F2F528D514}.Debug|Any CPU.Build.0 = Debug|Any CPU
		{EAD7F3D4-98CE-4A6C-9FC3-43F2F528D514}.Debug|ARM.ActiveCfg = Debug|Any CPU
		{EAD7F3D4-98CE-4A6C-9FC3-43F2F528D514}.Debug|ARM.Build.0 = Debug|Any CPU
		{EAD7F3D4-98CE-4A6C-9FC3-43F2F528D514}.Debug|iPhone.ActiveCfg = Debug|Any CPU
		{EAD7F3D4-98CE-4A6C-9FC3-43F2F528D514}.Debug|iPhone.Build.0 = Debug|Any CPU
		{EAD7F3D4-98CE-4A6C-9FC3-43F2F528D514}.Debug|iPhoneSimulator.ActiveCfg = Debug|Any CPU
		{EAD7F3D4-98CE-4A6C-9FC3-43F2F528D514}.Debug|iPhoneSimulator.Build.0 = Debug|Any CPU
		{EAD7F3D4-98CE-4A6C-9FC3-43F2F528D514}.Debug|x64.ActiveCfg = Debug|Any CPU
		{EAD7F3D4-98CE-4A6C-9FC3-43F2F528D514}.Debug|x64.Build.0 = Debug|Any CPU
		{EAD7F3D4-98CE-4A6C-9FC3-43F2F528D514}.Debug|x86.ActiveCfg = Debug|Any CPU
		{EAD7F3D4-98CE-4A6C-9FC3-43F2F528D514}.Debug|x86.Build.0 = Debug|Any CPU
		{EAD7F3D4-98CE-4A6C-9FC3-43F2F528D514}.Release|Any CPU.ActiveCfg = Release|Any CPU
		{EAD7F3D4-98CE-4A6C-9FC3-43F2F528D514}.Release|Any CPU.Build.0 = Release|Any CPU
		{EAD7F3D4-98CE-4A6C-9FC3-43F2F528D514}.Release|ARM.ActiveCfg = Release|Any CPU
		{EAD7F3D4-98CE-4A6C-9FC3-43F2F528D514}.Release|ARM.Build.0 = Release|Any CPU
		{EAD7F3D4-98CE-4A6C-9FC3-43F2F528D514}.Release|iPhone.ActiveCfg = Release|Any CPU
		{EAD7F3D4-98CE-4A6C-9FC3-43F2F528D514}.Release|iPhone.Build.0 = Release|Any CPU
		{EAD7F3D4-98CE-4A6C-9FC3-43F2F528D514}.Release|iPhoneSimulator.ActiveCfg = Release|Any CPU
		{EAD7F3D4-98CE-4A6C-9FC3-43F2F528D514}.Release|iPhoneSimulator.Build.0 = Release|Any CPU
		{EAD7F3D4-98CE-4A6C-9FC3-43F2F528D514}.Release|x64.ActiveCfg = Release|Any CPU
		{EAD7F3D4-98CE-4A6C-9FC3-43F2F528D514}.Release|x64.Build.0 = Release|Any CPU
		{EAD7F3D4-98CE-4A6C-9FC3-43F2F528D514}.Release|x86.ActiveCfg = Release|Any CPU
		{EAD7F3D4-98CE-4A6C-9FC3-43F2F528D514}.Release|x86.Build.0 = Release|Any CPU
	EndGlobalSection
	GlobalSection(SolutionProperties) = preSolution
		HideSolutionNode = FALSE
	EndGlobalSection
	GlobalSection(ExtensibilityGlobals) = postSolution
		SolutionGuid = {5AB6F271-58E8-4C04-92E5-0A13D8EDE780}
	EndGlobalSection
EndGlobal
